lockfileVersion: '9.0'

settings:
  autoInstallPeers: true
  excludeLinksFromLockfile: false

catalogs:
  default:
    '@rsc-sage/data-layer':
      specifier: ./packages/data-layer
      version: 0.0.0
    '@rsc-utils/game-utils':
      specifier: ./packages/game-utils
      version: 0.0.0

overrides:
  '@aws-sdk/client-dynamodb': ^3.1053.0
  '@aws-sdk/client-sns': ^3.1053.0
  '@discordjs/builders': ^1.13.1
  '@discordjs/rest': ^2.6.0
  '@napi-rs/canvas': ^0.1.88
  '@rsc-sage/env': ./packages/sage-env
  '@rsc-sage/localization': ./packages/sage-localization
  '@rsc-utils/cache-utils': github:rpg-sage-creative/cache-utils#semver:^1.1.0
  '@rsc-utils/color-utils': github:rpg-sage-creative/color-utils#semver:^1.1.0
  '@rsc-utils/core-utils': github:rpg-sage-creative/core-utils#semver:^1.7.0
  '@rsc-utils/dev-scripts': github:rpg-sage-creative/dev-scripts#semver:^1.4.2
  '@rsc-utils/discord-utils': github:rpg-sage-creative/discord-utils#semver:^1.4.1
  '@rsc-utils/git-utils': github:rpg-sage-creative/git-utils#semver:^0.1.0
  '@rsc-utils/id-utils': github:rpg-sage-creative/id-utils#semver:^1.1.0
  '@rsc-utils/io-utils': github:rpg-sage-creative/io-utils#semver:^1.5.1
  '@rsc-utils/iterator-utils': github:rpg-sage-creative/iterator-utils#semver:^1.1.0
  '@rsc-utils/json-utils': github:rpg-sage-creative/json-utils#semver:^1.2.1
  '@rsc-utils/language-utils': github:rpg-sage-creative/language-utils#semver:^1.2.0
  '@rsc-utils/map-utils': ./packages/map-utils
  '@rsc-utils/random-utils': github:rpg-sage-creative/random-utils#semver:^0.1.1
  '@rsc-utils/template-literal-utils': github:rpg-sage-creative/template-literal-utils#semver:^1.2.0
  '@rsc-utils/type-utils': github:rpg-sage-creative/type-utils#semver:^1.3.0
  '@rsc-utils/whitespace-utils': github:rpg-sage-creative/whitespace-utils#semver:^1.0.0
  '@types/follow-redirects': ^1.14.4
  '@types/jest': ^30.0.0
  '@types/node': ^24.12.0
  discord-api-types: ^0.38.41
  discord.js: ^14.26.2
  csv-parser: ^3.2.0
  emoji-regex-xs: ^2.0.1
  exifreader: ^4.36.2
  follow-redirects: ^1.15.11
  jest: ^30.2.0
  pdf2json: ^4.0.2
  regex: ^6.1.0
  typescript: ^5.9.3
  zlib-sync: ^0.1.10

importers:

  .:
    dependencies:
      '@aws-sdk/client-sns':
        specifier: ^3.1053.0
        version: 3.1087.0
      '@rsc-sage/data-layer':
        specifier: 'catalog:'
        version: link:packages/data-layer
      '@rsc-sage/env':
        specifier: ./packages/sage-env
        version: link:packages/sage-env
      '@rsc-sage/localization':
        specifier: ./packages/sage-localization
        version: link:packages/sage-localization
      '@rsc-utils/core-utils':
        specifier: github:rpg-sage-creative/core-utils#semver:^1.7.0
        version: '@rpg-sage-creative/core-utils@https://codeload.github.com/rpg-sage-creative/core-utils/tar.gz/1259fb344ba972c67c61b58805ba7a7c0d872d3e'
      '@rsc-utils/discord-utils':
        specifier: github:rpg-sage-creative/discord-utils#semver:^1.4.1
        version: '@rpg-sage-creative/discord-utils@https://codeload.github.com/rpg-sage-creative/discord-utils/tar.gz/00a343e55ed0c2e818f30986d5b12e159e77007f'
      '@rsc-utils/game-utils':
        specifier: 'catalog:'
        version: link:packages/game-utils
      '@rsc-utils/io-utils':
        specifier: github:rpg-sage-creative/io-utils#semver:^1.5.1
        version: '@rpg-sage-creative/io-utils@https://codeload.github.com/rpg-sage-creative/io-utils/tar.gz/772020c8f8d891e8d869302d78873791c50bb475'
      '@rsc-utils/map-utils':
        specifier: ./packages/map-utils
        version: link:packages/map-utils
      '@rsc-utils/random-utils':
        specifier: github:rpg-sage-creative/random-utils#semver:^0.1.1
        version: '@rpg-sage-creative/random-utils@https://codeload.github.com/rpg-sage-creative/random-utils/tar.gz/879853ca21cd4939f687ef2ecce01ade22b67cd2'
      discord.js:
        specifier: ^14.26.2
        version: 14.26.5
      regex:
        specifier: ^6.1.0
        version: 6.1.0
    devDependencies:
      '@rsc-utils/dev-scripts':
        specifier: github:rpg-sage-creative/dev-scripts#semver:^1.4.2
        version: '@rpg-sage-creative/dev-scripts@https://codeload.github.com/rpg-sage-creative/dev-scripts/tar.gz/21ba74dcfd4b8358cc919c534a0b2145b09f1297'
      '@types/follow-redirects':
        specifier: ^1.14.4
        version: 1.14.4
      '@types/node':
        specifier: ^24.12.0
        version: 24.13.3
      typescript:
        specifier: ^5.9.3
        version: 5.9.3
      zlib-sync:
        specifier: ^0.1.10
        version: 0.1.10

  packages/app-commands:
    dependencies:
      '@rsc-sage/data-layer':
        specifier: ../data-layer
        version: link:../data-layer
      '@rsc-utils/core-utils':
        specifier: github:rpg-sage-creative/core-utils#semver:^1.7.0
        version: '@rpg-sage-creative/core-utils@https://codeload.github.com/rpg-sage-creative/core-utils/tar.gz/1259fb344ba972c67c61b58805ba7a7c0d872d3e'
      '@rsc-utils/discord-utils':
        specifier: github:rpg-sage-creative/discord-utils#semver:^1.4.1
        version: '@rpg-sage-creative/discord-utils@https://codeload.github.com/rpg-sage-creative/discord-utils/tar.gz/00a343e55ed0c2e818f30986d5b12e159e77007f'
      '@rsc-utils/game-utils':
        specifier: ../game-utils
        version: link:../game-utils
      '@rsc-utils/io-utils':
        specifier: github:rpg-sage-creative/io-utils#semver:^1.5.1
        version: '@rpg-sage-creative/io-utils@https://codeload.github.com/rpg-sage-creative/io-utils/tar.gz/772020c8f8d891e8d869302d78873791c50bb475'
    devDependencies:
      '@rsc-utils/dev-scripts':
        specifier: github:rpg-sage-creative/dev-scripts#semver:^1.4.2
        version: '@rpg-sage-creative/dev-scripts@https://codeload.github.com/rpg-sage-creative/dev-scripts/tar.gz/21ba74dcfd4b8358cc919c534a0b2145b09f1297'

  packages/data-layer:
    dependencies:
      '@rsc-utils/core-utils':
        specifier: github:rpg-sage-creative/core-utils#semver:^1.7.0
        version: '@rpg-sage-creative/core-utils@https://codeload.github.com/rpg-sage-creative/core-utils/tar.gz/1259fb344ba972c67c61b58805ba7a7c0d872d3e'
      '@rsc-utils/io-utils':
        specifier: github:rpg-sage-creative/io-utils#semver:^1.5.1
        version: '@rpg-sage-creative/io-utils@https://codeload.github.com/rpg-sage-creative/io-utils/tar.gz/772020c8f8d891e8d869302d78873791c50bb475'
    devDependencies:
      '@rsc-utils/dev-scripts':
        specifier: github:rpg-sage-creative/dev-scripts#semver:^1.4.2
        version: '@rpg-sage-creative/dev-scripts@https://codeload.github.com/rpg-sage-creative/dev-scripts/tar.gz/21ba74dcfd4b8358cc919c534a0b2145b09f1297'

  packages/game-utils:
    dependencies:
      '@rsc-sage/data-layer':
        specifier: ../data-layer
        version: link:../data-layer
      '@rsc-utils/core-utils':
        specifier: github:rpg-sage-creative/core-utils#semver:^1.7.0
        version: '@rpg-sage-creative/core-utils@https://codeload.github.com/rpg-sage-creative/core-utils/tar.gz/1259fb344ba972c67c61b58805ba7a7c0d872d3e'
      '@rsc-utils/random-utils':
        specifier: github:rpg-sage-creative/random-utils#semver:^0.1.1
        version: '@rpg-sage-creative/random-utils@https://codeload.github.com/rpg-sage-creative/random-utils/tar.gz/879853ca21cd4939f687ef2ecce01ade22b67cd2'
    devDependencies:
      '@rsc-utils/dev-scripts':
        specifier: github:rpg-sage-creative/dev-scripts#semver:^1.4.2
        version: '@rpg-sage-creative/dev-scripts@https://codeload.github.com/rpg-sage-creative/dev-scripts/tar.gz/21ba74dcfd4b8358cc919c534a0b2145b09f1297'

  packages/map-utils:
    dependencies:
      '@napi-rs/canvas':
        specifier: ^0.1.88
        version: 0.1.100
      '@rsc-utils/core-utils':
        specifier: github:rpg-sage-creative/core-utils#semver:^1.7.0
        version: '@rpg-sage-creative/core-utils@https://codeload.github.com/rpg-sage-creative/core-utils/tar.gz/1259fb344ba972c67c61b58805ba7a7c0d872d3e'
      '@rsc-utils/random-utils':
        specifier: github:rpg-sage-creative/random-utils#semver:^0.1.1
        version: '@rpg-sage-creative/random-utils@https://codeload.github.com/rpg-sage-creative/random-utils/tar.gz/879853ca21cd4939f687ef2ecce01ade22b67cd2'
    devDependencies:
      '@rsc-utils/dev-scripts':
        specifier: github:rpg-sage-creative/dev-scripts#semver:^1.4.2
        version: '@rpg-sage-creative/dev-scripts@https://codeload.github.com/rpg-sage-creative/dev-scripts/tar.gz/21ba74dcfd4b8358cc919c534a0b2145b09f1297'

  packages/sage-env:
    dependencies:
      '@rsc-utils/core-utils':
        specifier: github:rpg-sage-creative/core-utils#semver:^1.7.0
        version: '@rpg-sage-creative/core-utils@https://codeload.github.com/rpg-sage-creative/core-utils/tar.gz/1259fb344ba972c67c61b58805ba7a7c0d872d3e'
      '@rsc-utils/io-utils':
        specifier: github:rpg-sage-creative/io-utils#semver:^1.5.1
        version: '@rpg-sage-creative/io-utils@https://codeload.github.com/rpg-sage-creative/io-utils/tar.gz/772020c8f8d891e8d869302d78873791c50bb475'
    devDependencies:
      '@rsc-utils/dev-scripts':
        specifier: github:rpg-sage-creative/dev-scripts#semver:^1.4.2
        version: '@rpg-sage-creative/dev-scripts@https://codeload.github.com/rpg-sage-creative/dev-scripts/tar.gz/21ba74dcfd4b8358cc919c534a0b2145b09f1297'

  packages/sage-localization:
    dependencies:
      '@rsc-utils/core-utils':
        specifier: github:rpg-sage-creative/core-utils#semver:^1.7.0
        version: '@rpg-sage-creative/core-utils@https://codeload.github.com/rpg-sage-creative/core-utils/tar.gz/1259fb344ba972c67c61b58805ba7a7c0d872d3e'
    devDependencies:
      '@rsc-utils/dev-scripts':
        specifier: github:rpg-sage-creative/dev-scripts#semver:^1.4.2
        version: '@rpg-sage-creative/dev-scripts@https://codeload.github.com/rpg-sage-creative/dev-scripts/tar.gz/21ba74dcfd4b8358cc919c534a0b2145b09f1297'

packages:

  '@aws-sdk/client-dynamodb@3.1087.0':
    resolution: {integrity: sha512-3Rsk29aQltTbAI5QKXqhnVNyLAGTeiU3UkErqiqplduV2jdj8l+ySL45yhq7z/GXN7Q1Rh6x38dRsxazwOTUfQ==}
    engines: {node: '>=20.0.0'}

  '@aws-sdk/client-sns@3.1087.0':
    resolution: {integrity: sha512-Riy7qfWB3FlMp0cpScUBqRQpT8fckca4Gp9UbkJI6Ep3TPFwTMchu2qChstFVkfyZoFJScli7Wzgy0BuigX2tA==}
    engines: {node: '>=20.0.0'}

  '@aws-sdk/core@3.975.2':
    resolution: {integrity: sha512-iyeXwziyjJpixq5OmhsIyrSWx8vwcI7gDo4yRUC3EP7NQtOo9iAJiIEc3G+/HkhtNXqOhofiCK7Lc34Sq+fJWg==}
    engines: {node: '>=20.0.0'}

  '@aws-sdk/credential-provider-env@3.972.58':
    resolution: {integrity: sha512-vyGtvK1rY940eq7JT0yIGKuZ+2kpPSJcHibSvGlit5oiMFDamzC7cxBGLl4FLnd6suihMXDI2FSF2dL6TmBqPA==}
    engines: {node: '>=20.0.0'}

  '@aws-sdk/credential-provider-http@3.972.60':
    resolution: {integrity: sha512-g9b9YzDrD5pcKiPBJfCSXRfFMrA39eR0guUhZ5SRm+7vMAVc43+effxbcamxBjSd5bUhrdKo5te/yQuWurLXLA==}
    engines: {node: '>=20.0.0'}

  '@aws-sdk/credential-provider-ini@3.973.2':
    resolution: {integrity: sha512-Yr7yxNyQ8aHt9Ww0RPFUZx+xiem+vl7vuwhP0tniTijoesJNV5jou9HCgVpI0GEPAF+89TkOvilE5uRrZJnjaw==}
    engines: {node: '>=20.0.0'}

  '@aws-sdk/credential-provider-login@3.972.64':
    resolution: {integrity: sha512-YQoSI4d6kXvoenoG/0Jv/PqaAuukHzGmGXGyHBQYeEUNsYovlNAn/Sw1wp/WQbhcQ3HsEMGgjEahvD3igz6ecQ==}
    engines: {node: '>=20.0.0'}

  '@aws-sdk/credential-provider-node@3.972.68':
    resolution: {integrity: sha512-4akjzW9CjorByYfqXBXmYUh/h7Io3U4DtVgGGh9TQraZ7ZlyJqNyHwDRGiUFnHD+BTOeTbCesCa4sJaK7BGZ7A==}
    engines: {node: '>=20.0.0'}

  '@aws-sdk/credential-provider-process@3.972.58':
    resolution: {integrity: sha512-1nYitRCaDmXWUrpBJt6WlcGjLx1JVsMY8rlYuHHsTYTSaYikbixYdQSyINN2VYq1F798uTO9qHAzytL25M8g3A==}
    engines: {node: '>=20.0.0'}

  '@aws-sdk/credential-provider-sso@3.973.2':
    resolution: {integrity: sha512-pjMLaLU/JZi5lVfmR14V1OZqRBTuMHf6AwGNZA0K9hK+JKtO3jcLBarfD8iq5oc8cSowvc/9R32sqMVXZPo6xQ==}
    engines: {node: '>=20.0.0'}

  '@aws-sdk/credential-provider-web-identity@3.972.64':
    resolution: {integrity: sha512-7Buc7p0OvDHW7iBsu4b+YdS0WnaFBDGKDfbVQqaac9dkWiSiUtIoarBDsA1RmOVXZijaZJDoHJFIQiicQvWRlQ==}
    engines: {node: '>=20.0.0'}

  '@aws-sdk/dynamodb-codec@3.973.32':
    resolution: {integrity: sha512-mc2IvGFtgNgYnySd1wWdx78flpHdAYvbl9C/tnAzGT0D0przwGeHSB6W3L8grldIXjAG1elWJdyDYiiZaz1dCw==}
    engines: {node: '>=20.0.0'}

  '@aws-sdk/endpoint-cache@3.972.9':
    resolution: {integrity: sha512-LFvdgq8SriaskUcjpBMDE7J2c9RmuT5v3gU36/znV71EU5DKUis4FmGFjCMelKCCViFeVrQADBAlIiOYRhEx6Q==}
    engines: {node: '>=20.0.0'}

  '@aws-sdk/middleware-endpoint-discovery@3.972.24':
    resolution: {integrity: sha512-1NwwiqMZw5LMnFZ8LsPYkuVN+nFf5oWRxgeb4WfsyOw0MKcA8qGI8Yq4AjvEzWHzp1a1aq8TEMqqlh2IiKVKgQ==}
    engines: {node: '>=20.0.0'}

  '@aws-sdk/nested-clients@3.997.32':
    resolution: {integrity: sha512-6Yj2fr9XF67cndITea48rchTdVr3VGx6PN47bIKNinJAjLkmaIlz/4EBPCgJ8UmhVopiXmeAuPLI3+DXDDbMhQ==}
    engines: {node: '>=20.0.0'}

  '@aws-sdk/signature-v4-multi-region@3.996.40':
    resolution: {integrity: sha512-wrGZ/authosokclY1DXsiWT/1WjfCI22FuZGgdcilF+XLTXs5dCjAtiFYSPsEToZkbm3Lj2YP8PoWg0yoMNu0g==}
    engines: {node: '>=20.0.0'}

  '@aws-sdk/token-providers@3.1087.0':
    resolution: {integrity: sha512-umM+qNq16f2fH+VLM5MqXW4ORNQAjk+TOSto73xbUHcKaU41L48j786r3UWQYlejeJk37NlvRYgxBT+MBkfaYQ==}
    engines: {node: '>=20.0.0'}

  '@aws-sdk/types@3.974.1':
    resolution: {integrity: sha512-W0IQZR0eaBqlBFIIofMapaWkw1W0U+Xi4dvW+BqwmCEMd8Ng2U6IhkxuPSjMVnR8klLjfuS9PeZWUl1N6UaZdg==}
    engines: {node: '>=20.0.0'}

  '@aws-sdk/xml-builder@3.972.35':
    resolution: {integrity: sha512-pXzaWe3evZhjxDXAlMnqISe/XefTCGwBJG4nFTXaWSgAnMkqPEhxEPqJNhhpGesEvKFhvNpnozJJ4GTL11bRYw==}
    engines: {node: '>=20.0.0'}

  '@aws/lambda-invoke-store@0.3.0':
    resolution: {integrity: sha512-sl4Bm6yiMNYrZKkqqDFWN0UfnWhlS8ivKxrYl+6t0gCLrqr8y3B2IqZZbFRkfaVVp7C/baApyh71P+LeE1A2sQ==}
    engines: {node: '>=18.0.0'}

  '@discordjs/builders@1.14.1':
    resolution: {integrity: sha512-gSKkhXLqs96TCzk66VZuHHl8z2bQMJFGwrXC0f33ngK+FLNau4hU1PYny3DNJfNdSH+gVMzE85/d5FQ2BpcNwQ==}
    engines: {node: '>=16.11.0'}

  '@discordjs/collection@1.5.3':
    resolution: {integrity: sha512-SVb428OMd3WO1paV3rm6tSjM4wC+Kecaa1EUGX7vc6/fddvw/6lg90z4QtCqm21zvVe92vMMDt9+DkIvjXImQQ==}
    engines: {node: '>=16.11.0'}

  '@discordjs/collection@2.1.1':
    resolution: {integrity: sha512-LiSusze9Tc7qF03sLCujF5iZp7K+vRNEDBZ86FT9aQAv3vxMLihUvKvpsCWiQ2DJq1tVckopKm1rxomgNUc9hg==}
    engines: {node: '>=18'}

  '@discordjs/formatters@0.6.2':
    resolution: {integrity: sha512-y4UPwWhH6vChKRkGdMB4odasUbHOUwy7KL+OVwF86PvT6QVOwElx+TiI1/6kcmcEe+g5YRXJFiXSXUdabqZOvQ==}
    engines: {node: '>=16.11.0'}

  '@discordjs/rest@2.6.1':
    resolution: {integrity: sha512-wwQdgjeaoYFiaG+atbqx6aJDpqW7JHAo0HrQkBTbYzM3/PJ3GweQIpgElNcGZ26DCUOXMyawYd0YF7vtr+fZXg==}
    engines: {node: '>=18'}

  '@discordjs/util@1.2.0':
    resolution: {integrity: sha512-3LKP7F2+atl9vJFhaBjn4nOaSWahZ/yWjOvA4e5pnXkt2qyXRCHLxoBQy81GFtLGCq7K9lPm9R517M1U+/90Qg==}
    engines: {node: '>=18'}

  '@discordjs/ws@1.2.3':
    resolution: {integrity: sha512-wPlQDxEmlDg5IxhJPuxXr3Vy9AjYq5xCvFWGJyD7w7Np8ZGu+Mc+97LCoEc/+AYCo2IDpKioiH0/c/mj5ZR9Uw==}
    engines: {node: '>=16.11.0'}

  '@napi-rs/canvas-android-arm64@0.1.100':
    resolution: {integrity: sha512-hjhCKhntPv9+t4ckHymdx0phYNcVW+GKQR6Lzw2zE+pOVjOplSmtx9nNNknTjbEDLcuLZqA1y8ufKg1XfgftzQ==}
    engines: {node: '>= 10'}
    cpu: [arm64]
    os: [android]

  '@napi-rs/canvas-darwin-arm64@0.1.100':
    resolution: {integrity: sha512-2PcswRaC7Ly645DGt88///zuFDhJxJYdKAs1uU3mfk1atYkXufgcgLfBpk6Tm12nCQBaNt1wpybuPZ4qOhTo8A==}
    engines: {node: '>= 10'}
    cpu: [arm64]
    os: [darwin]

  '@napi-rs/canvas-darwin-x64@0.1.100':
    resolution: {integrity: sha512-ePNZtj7pNIva/siZMg+HmbeozkIjqUIYdoymH8HaA3qK7LfzFN4WMBM8G6HQ9ZC+H3+Dnn5pqtiXpgLykaPOhw==}
    engines: {node: '>= 10'}
    cpu: [x64]
    os: [darwin]

  '@napi-rs/canvas-linux-arm-gnueabihf@0.1.100':
    resolution: {integrity: sha512-d5cDB48oWFGU8/XPhUOFAlySgb/VAu7D+s8fi55K1Pcfg8aPplHWqMgibhVLU8ky7Pyg/fuiVLz4Nf3JrSTuUA==}
    engines: {node: '>= 10'}
    cpu: [arm]
    os: [linux]

  '@napi-rs/canvas-linux-arm64-gnu@0.1.100':
    resolution: {integrity: sha512-rDxgxRu69RvDlX/bh9o22DxLsGr8EqsNgotL9+RwQE1S0b0cqeatqsw6aW45mukm0B42DIAaAacKaYQ8cqS1nw==}
    engines: {node: '>= 10'}
    cpu: [arm64]
    os: [linux]
    libc: [glibc]

  '@napi-rs/canvas-linux-arm64-musl@0.1.100':
    resolution: {integrity: sha512-K3mDW66N+xT2/V439u1alFANiBUjdEx2gLiNYnCmUsva5jZMxWTjafBYwTzYK+EMFMHrUoabuU+T1BIP5CgbYQ==}
    engines: {node: '>= 10'}
    cpu: [arm64]
    os: [linux]
    libc: [musl]

  '@napi-rs/canvas-linux-riscv64-gnu@0.1.100':
    resolution: {integrity: sha512-mooqUBTIsccZpnoQC4NgrC1v6C1vof39etLNMnBwCY+p0gajWJvAHLGQ6g/gGyS5YrpDW+GefSN4+Cvcr08UWw==}
    engines: {node: '>= 10'}
    cpu: [riscv64]
    os: [linux]
    libc: [glibc]

  '@napi-rs/canvas-linux-x64-gnu@0.1.100':
    resolution: {integrity: sha512-1eCvkDCazm7FFhsT7DfGOdSaHgZVK3bt/dSBl5EWHOWmnz+I7j8tPseJqqD81NF+MH21jKUK4wQSDjN0mdhnTg==}
    engines: {node: '>= 10'}
    cpu: [x64]
    os: [linux]
    libc: [glibc]

  '@napi-rs/canvas-linux-x64-musl@0.1.100':
    resolution: {integrity: sha512-20arT6lnI19S68qNlii73TSEDbECNgzMz2EpldC1V3mZFuRkeujXkcebRk0LRJe9SEUAooYiLokfMViY8IX7yA==}
    engines: {node: '>= 10'}
    cpu: [x64]
    os: [linux]
    libc: [musl]

  '@napi-rs/canvas-win32-arm64-msvc@0.1.100':
    resolution: {integrity: sha512-DZFFT1wIAg37LJw37yhMRFfjATd3vTQzjZ1Yki8u2vhO6Hi5VE6BVaGQ1aaDu7xb4iMErz+9EOwjpS7xcxFeBw==}
    engines: {node: '>= 10'}
    cpu: [arm64]
    os: [win32]

  '@napi-rs/canvas-win32-x64-msvc@0.1.100':
    resolution: {integrity: sha512-MyT1j3mHC2+Lu4pBi9mKyMJhtP6U7k7EldY7sj/uS5gJA65gTXt8MefJQXLJo5d/vZbuWmfxzkEUNc/urV3pHA==}
    engines: {node: '>= 10'}
    cpu: [x64]
    os: [win32]

  '@napi-rs/canvas@0.1.100':
    resolution: {integrity: sha512-xglYA6q3XO5P3BNJYxVZ1IV7DLVjp1Py6nwag88YntrS+3vKHyYcMqXVS4ZztJmwz2uGvz1FWhI/4LgbR5uQDA==}
    engines: {node: '>= 10'}

  '@rpg-sage-creative/cache-utils@https://codeload.github.com/rpg-sage-creative/cache-utils/tar.gz/145bc9860dfe3e54e5311bbd29e94763436ff728':
    resolution: {tarball: https://codeload.github.com/rpg-sage-creative/cache-utils/tar.gz/145bc9860dfe3e54e5311bbd29e94763436ff728}
    version: 1.1.0

  '@rpg-sage-creative/color-utils@https://codeload.github.com/rpg-sage-creative/color-utils/tar.gz/782556193811afb809fe572a1e211502a7e58e05':
    resolution: {tarball: https://codeload.github.com/rpg-sage-creative/color-utils/tar.gz/782556193811afb809fe572a1e211502a7e58e05}
    version: 1.1.0

  '@rpg-sage-creative/core-utils@https://codeload.github.com/rpg-sage-creative/core-utils/tar.gz/1259fb344ba972c67c61b58805ba7a7c0d872d3e':
    resolution: {tarball: https://codeload.github.com/rpg-sage-creative/core-utils/tar.gz/1259fb344ba972c67c61b58805ba7a7c0d872d3e}
    version: 1.7.0

  '@rpg-sage-creative/dev-scripts@https://codeload.github.com/rpg-sage-creative/dev-scripts/tar.gz/21ba74dcfd4b8358cc919c534a0b2145b09f1297':
    resolution: {tarball: https://codeload.github.com/rpg-sage-creative/dev-scripts/tar.gz/21ba74dcfd4b8358cc919c534a0b2145b09f1297}
    version: 1.4.2
    hasBin: true

  '@rpg-sage-creative/discord-utils@https://codeload.github.com/rpg-sage-creative/discord-utils/tar.gz/00a343e55ed0c2e818f30986d5b12e159e77007f':
    resolution: {tarball: https://codeload.github.com/rpg-sage-creative/discord-utils/tar.gz/00a343e55ed0c2e818f30986d5b12e159e77007f}
    version: 1.4.1

  '@rpg-sage-creative/git-utils@https://codeload.github.com/rpg-sage-creative/git-utils/tar.gz/f24d0841c58e367014223bc52910a25f1a2268d6':
    resolution: {tarball: https://codeload.github.com/rpg-sage-creative/git-utils/tar.gz/f24d0841c58e367014223bc52910a25f1a2268d6}
    version: 0.1.0

  '@rpg-sage-creative/id-utils@https://codeload.github.com/rpg-sage-creative/id-utils/tar.gz/e0ad2fa05ab8716b224bd89de1970ea247ffca86':
    resolution: {tarball: https://codeload.github.com/rpg-sage-creative/id-utils/tar.gz/e0ad2fa05ab8716b224bd89de1970ea247ffca86}
    version: 1.2.0

  '@rpg-sage-creative/io-utils@https://codeload.github.com/rpg-sage-creative/io-utils/tar.gz/772020c8f8d891e8d869302d78873791c50bb475':
    resolution: {tarball: https://codeload.github.com/rpg-sage-creative/io-utils/tar.gz/772020c8f8d891e8d869302d78873791c50bb475}
    version: 1.5.1

  '@rpg-sage-creative/iterator-utils@https://codeload.github.com/rpg-sage-creative/iterator-utils/tar.gz/ee5f73b0d6ae90f04ee9e1079bbe5564f73cd2c1':
    resolution: {tarball: https://codeload.github.com/rpg-sage-creative/iterator-utils/tar.gz/ee5f73b0d6ae90f04ee9e1079bbe5564f73cd2c1}
    version: 1.1.0

  '@rpg-sage-creative/json-utils@https://codeload.github.com/rpg-sage-creative/json-utils/tar.gz/19389a0bda7ea3a58f242bfaf71c42acc6976e31':
    resolution: {tarball: https://codeload.github.com/rpg-sage-creative/json-utils/tar.gz/19389a0bda7ea3a58f242bfaf71c42acc6976e31}
    version: 1.2.1

  '@rpg-sage-creative/language-utils@https://codeload.github.com/rpg-sage-creative/language-utils/tar.gz/b34ae849fb17513fbf4effc3cfea6dc70c82ba4a':
    resolution: {tarball: https://codeload.github.com/rpg-sage-creative/language-utils/tar.gz/b34ae849fb17513fbf4effc3cfea6dc70c82ba4a}
    version: 1.2.0

  '@rpg-sage-creative/random-utils@https://codeload.github.com/rpg-sage-creative/random-utils/tar.gz/879853ca21cd4939f687ef2ecce01ade22b67cd2':
    resolution: {tarball: https://codeload.github.com/rpg-sage-creative/random-utils/tar.gz/879853ca21cd4939f687ef2ecce01ade22b67cd2}
    version: 0.1.1

  '@rpg-sage-creative/snowflake-utils@https://codeload.github.com/rpg-sage-creative/snowflake-utils/tar.gz/9dd900a92046a27d10f1c53ca37f8e514eab202d':
    resolution: {tarball: https://codeload.github.com/rpg-sage-creative/snowflake-utils/tar.gz/9dd900a92046a27d10f1c53ca37f8e514eab202d}
    version: 1.2.1

  '@rpg-sage-creative/template-literal-utils@https://codeload.github.com/rpg-sage-creative/template-literal-utils/tar.gz/5532b51ff83a9c8c0b38600e0e721a37335b7d50':
    resolution: {tarball: https://codeload.github.com/rpg-sage-creative/template-literal-utils/tar.gz/5532b51ff83a9c8c0b38600e0e721a37335b7d50}
    version: 1.2.0

  '@rpg-sage-creative/type-utils@https://codeload.github.com/rpg-sage-creative/type-utils/tar.gz/b952d5607cd26d37f42ec91ef9a6aa9e0b749492':
    resolution: {tarball: https://codeload.github.com/rpg-sage-creative/type-utils/tar.gz/b952d5607cd26d37f42ec91ef9a6aa9e0b749492}
    version: 1.4.0

  '@rpg-sage-creative/uuid-utils@https://codeload.github.com/rpg-sage-creative/uuid-utils/tar.gz/cea5c0a9672049f4340754779e58d5fc6788465b':
    resolution: {tarball: https://codeload.github.com/rpg-sage-creative/uuid-utils/tar.gz/cea5c0a9672049f4340754779e58d5fc6788465b}
    version: 1.2.3

  '@rpg-sage-creative/whitespace-utils@https://codeload.github.com/rpg-sage-creative/whitespace-utils/tar.gz/7c13c974b4d6d647765c60a8b03b286421329cc7':
    resolution: {tarball: https://codeload.github.com/rpg-sage-creative/whitespace-utils/tar.gz/7c13c974b4d6d647765c60a8b03b286421329cc7}
    version: 1.0.0

  '@sapphire/async-queue@1.5.5':
    resolution: {integrity: sha512-cvGzxbba6sav2zZkH8GPf2oGk9yYoD5qrNWdu9fRehifgnFZJMV+nuy2nON2roRO4yQQ+v7MK/Pktl/HgfsUXg==}
    engines: {node: '>=v14.0.0', npm: '>=7.0.0'}

  '@sapphire/shapeshift@4.0.0':
    resolution: {integrity: sha512-d9dUmWVA7MMiKobL3VpLF8P2aeanRTu6ypG2OIaEv/ZHH/SUQ2iHOVyi5wAPjQ+HmnMuL0whK9ez8I/raWbtIg==}
    engines: {node: '>=v16'}

  '@sapphire/snowflake@3.5.3':
    resolution: {integrity: sha512-jjmJywLAFoWeBi1W7994zZyiNWPIiqRRNAmSERxyg93xRGzNYvGjlZ0gR6x0F4gPRi2+0O6S71kOZYyr3cxaIQ==}
    engines: {node: '>=v14.0.0', npm: '>=7.0.0'}

  '@sapphire/snowflake@3.5.5':
    resolution: {integrity: sha512-xzvBr1Q1c4lCe7i6sRnrofxeO1QTP/LKQ6A6qy0iB4x5yfiSfARMEQEghojzTNALDTcv8En04qYNIco9/K9eZQ==}
    engines: {node: '>=v14.0.0', npm: '>=7.0.0'}

  '@smithy/core@3.29.4':
    resolution: {integrity: sha512-G1GRglAabzEhqghJMBAd54FkRS7SAFGHEwbhcI9r+O+LIMuFsLyXkLZkCoFSgAglRu8s/URVXJB0hglq3ZipIg==}
    engines: {node: '>=18.0.0'}

  '@smithy/credential-provider-imds@4.4.9':
    resolution: {integrity: sha512-2nfV4qRKiYeXU4zD2vvSCfg5dfp/BuhrM73vt7q9gzBhxs4rbPxXY21wo+kyI3bRmXcEGRnCLTaW8O437jzHIg==}
    engines: {node: '>=18.0.0'}

  '@smithy/fetch-http-handler@5.6.6':
    resolution: {integrity: sha512-NHLgAlORUFZjn5ZfhYuyyKMlXA1WLYOdGxEhyNxrPpbJzoacGbl0chn1lN2KiZ8mpNVk0tV5607CSYlYs/OFgw==}
    engines: {node: '>=18.0.0'}

  '@smithy/node-http-handler@4.9.6':
    resolution: {integrity: sha512-odd+HYx3OLcXRSEz0ZeF3JQdSYdK8QnRgA2N87cPW7coWIbKfRk7a9VQjfeWQLqnzrDLk23KMEn46p8N7M/JFg==}
    engines: {node: '>=18.0.0'}

  '@smithy/signature-v4@5.6.5':
    resolution: {integrity: sha512-MO5VEhwVl0BN7xVoVeNrZfiUFoQtqxUbgl6/RwOTlMMxCSjblG8twSrVTwz3J4w9WZxd2rBfBAUXjH77agspBg==}
    engines: {node: '>=18.0.0'}

  '@smithy/types@4.16.1':
    resolution: {integrity: sha512-0JFs3V2y2M9tKW5na/qxe69Zv+uxLMO7QBbhxF/FHu/Gp2NFZAAL9tWl9PU02xxo07pb3G9FTyjNc6D5uZrJIg==}
    engines: {node: '>=18.0.0'}

  '@types/follow-redirects@1.14.4':
    resolution: {integrity: sha512-GWXfsD0Jc1RWiFmMuMFCpXMzi9L7oPDVwxUnZdg89kDNnqsRfUKXEtUYtA98A6lig1WXH/CYY/fvPW9HuN5fTA==}

  '@types/node@24.13.3':
    resolution: {integrity: sha512-Dh8vAsV36ig5wa9OX4pXvMc9D3Veibfw2wix0CUwYODLD8nkj9UsLjASr49nPg+2eKzxhBV+v7L8pXvT4e639Q==}

  '@types/ws@8.18.1':
    resolution: {integrity: sha512-ThVF6DCVhA8kUGy+aazFQ4kXQ7E1Ty7A3ypFOe0IcJV8O/M511G99AW24irKrW56Wt44yG9+ij8FaqoBGkuBXg==}

  '@vladfrangu/async_event_emitter@2.4.7':
    resolution: {integrity: sha512-Xfe6rpCTxSxfbswi/W/Pz7zp1WWSNn4A0eW4mLkQUewCrXXtMj31lCg+iQyTkh/CkusZSq9eDflu7tjEDXUY6g==}
    engines: {node: '>=v14.0.0', npm: '>=7.0.0'}

  '@xmldom/xmldom@0.9.10':
    resolution: {integrity: sha512-A9gOqLdi6cV4ibazAjcQufGj0B1y/vDqYrcuP6d/6x8P27gRS8643Dj9o1dEKtB6O7fwxb2FgBmJS2mX7gpvdw==}
    engines: {node: '>=14.6'}

  bowser@2.14.1:
    resolution: {integrity: sha512-tzPjzCxygAKWFOJP011oxFHs57HzIhOEracIgAePE4pqB3LikALKnSzUyU4MGs9/iCEUuHlAJTjTc5M+u7YEGg==}

  csv-parser@3.2.1:
    resolution: {integrity: sha512-v8RPMSglouR9od735SnwSxLBbCJqEPSbgm1R5qfr8yIiMUCEFjox56kRZid0SvgHJEkxeIEu3+a9QS3YRh7CuA==}
    engines: {node: '>= 10'}
    hasBin: true

  discord-api-types@0.38.49:
    resolution: {integrity: sha512-XnqcWmnFZFAE8ZM8SHAw9DIV8D3Or00rMQ8iQLotrEA2PmXhl+ykaf6L6q4l474hrSUH1JaYcv+iOMRWp2p6Tg==}

  discord.js@14.26.5:
    resolution: {integrity: sha512-SGYgjiAs0o8ZzMC97XmFXKONyairJ9YzVda+LvoSKs9YYh2gPtQhY+liaV6H/w72jxYbu9ggiSqAXoF3FLOH4A==}
    engines: {node: '>=18'}

  emoji-regex-xs@2.0.1:
    resolution: {integrity: sha512-1QFuh8l7LqUcKe24LsPUNzjrzJQ7pgRwp1QMcZ5MX6mFplk2zQ08NVCM84++1cveaUUYtcCYHmeFEuNg16sU4g==}
    engines: {node: '>=10.0.0'}

  exifreader@4.41.0:
    resolution: {integrity: sha512-P3nPeh6GWs5D5RZdRZ6q/LorHPmmeDgKsowduqRabtTFiqMD2bc5eTN+Dhq00O9BCuV2eksu3oOJh4ZaZvkK0A==}
    hasBin: true

  fast-deep-equal@3.1.3:
    resolution: {integrity: sha512-f3qQ9oQy9j2AhBe/H9VC91wLmKBCCU/gDOnKNAYG5hswO7BLKj09Hc5HYNz9cGI++xlpDCIgDaitVs03ATR84Q==}

  follow-redirects@1.16.0:
    resolution: {integrity: sha512-y5rN/uOsadFT/JfYwhxRS5R7Qce+g3zG97+JrtFZlC9klX/W5hD7iiLzScI4nZqUS7DNUdhPgw4xI8W2LuXlUw==}
    engines: {node: '>=4.0'}
    peerDependencies:
      debug: '*'
    peerDependenciesMeta:
      debug:
        optional: true

  lodash.snakecase@4.1.1:
    resolution: {integrity: sha512-QZ1d4xoBHYUeuouhEq3lk3Uq7ldgyFXGBhg04+oRLnIz8o9T65Eh+8YdroUwn846zchkA9yDsDl5CVVaV2nqYw==}

  lodash@4.18.1:
    resolution: {integrity: sha512-dMInicTPVE8d1e5otfwmmjlxkZoUpiVLwyeTdUsi/Caj/gfzzblBcCE5sRHV/AsjuCmxWrte2TNGSYuCeCq+0Q==}

  magic-bytes.js@1.13.0:
    resolution: {integrity: sha512-afO2mnxW7GDTXMm5/AoN1WuOcdoKhtgXjIvHmobqTD1grNplhGdv3PFOyjCVmrnOZBIT/gD/koDKpYG+0mvHcg==}

  mnemonist@0.38.3:
    resolution: {integrity: sha512-2K9QYubXx/NAjv4VLq1d1Ly8pWNC5L3BrixtdkyTegXWJIqY+zLNDhhX/A+ZwWt70tB1S8H4BE8FLYEFyNoOBw==}

  nan@2.28.0:
    resolution: {integrity: sha512-fTsDz99OTq2sVePhGdp4qQhggZFtKr64ZNVyVajRKtMOkJxYekplBh577PiJB12v/D3s2E5cGtOI45LWp6rnLQ==}

  obliterator@1.6.1:
    resolution: {integrity: sha512-9WXswnqINnnhOG/5SLimUlzuU1hFJUc8zkwyD59Sd+dPOMf05PmnYG/d6Q7HZ+KmgkZJa1PxRso6QdM3sTNHig==}

  pdf2json@4.0.3:
    resolution: {integrity: sha512-QErPemxRHDI2RUli3+9/mv4V6Ib9VWI+UoP2S82yXEQtoXzWvu9NSjjo3vyiUiVJv+CJFuzNiKUI+UFFUdv8Lg==}
    engines: {node: '>=20.18.0'}
    hasBin: true

  regex-utilities@2.3.0:
    resolution: {integrity: sha512-8VhliFJAWRaUiVvREIiW2NXXTmHs4vMNnSzuJVhscgmGav3g9VDxLrQndI3dZZVVdp0ZO/5v0xmX516/7M9cng==}

  regex@6.1.0:
    resolution: {integrity: sha512-6VwtthbV4o/7+OaAF9I5L5V3llLEsoPyq9P1JVXkedTP33c7MfCG0/5NOPcSJn0TzXcG9YUrR0gQSWioew3LDg==}

  ts-mixer@6.0.4:
    resolution: {integrity: sha512-ufKpbmrugz5Aou4wcr5Wc1UUFWOLhq+Fm6qa6P0w0K5Qw2yhaUoiWszhCVuNQyNwrlGiscHOmqYoAox1PtvgjA==}

  tslib@2.8.1:
    resolution: {integrity: sha512-oJFu94HQb+KVduSUQL7wnpmqnfmLsOA/nAh6b6EH0wCEoK0/mPeXU6c3wKDV83MkOuHPRHtSXKKU99IBazS/2w==}

  typescript@5.9.3:
    resolution: {integrity: sha512-jl1vZzPDinLr9eUt3J/t7V6FgNEw9QjvBPdysz9KfQDD41fQrC2Y4vKQdiaUpFT4bXlb1RHhLpp8wtm6M5TgSw==}
    engines: {node: '>=14.17'}
    hasBin: true

  undici-types@7.18.2:
    resolution: {integrity: sha512-AsuCzffGHJybSaRrmr5eHr81mwJU3kjw6M+uprWvCXiNeN9SOGwQ3Jn8jb8m3Z6izVgknn1R0FTCEAP2QrLY/w==}

  undici@6.24.1:
    resolution: {integrity: sha512-sC+b0tB1whOCzbtlx20fx3WgCXwkW627p4EA9uM+/tNNPkSS+eSEld6pAs9nDv7WbY1UUljBMYPtu9BCOrCWKA==}
    engines: {node: '>=18.17'}

  uuid@13.0.2:
    resolution: {integrity: sha512-vzi9uRZ926x4XV73S/4qQaTwPXM2JBj6/6lI/byHH1jOpCzb0zDbfytgA9LcN/hzb2l7WQSQnxITOVx5un/wGw==}
    hasBin: true

  ws@8.21.1:
    resolution: {integrity: sha512-+0NTnW77fFN/DjQi6k/Sq/Yvk4Sgajw7urW8V+asjXnRgDs9gyGkdb7EzgfhA4goXsRIZKE28fzIXBHEzhuiWw==}
    engines: {node: '>=10.0.0'}
    peerDependencies:
      bufferutil: ^4.0.1
      utf-8-validate: '>=5.0.2'
    peerDependenciesMeta:
      bufferutil:
        optional: true
      utf-8-validate:
        optional: true

  zlib-sync@0.1.10:
    resolution: {integrity: sha512-t7/pYg5tLBznL1RuhmbAt8rNp5tbhr+TSrJFnMkRtrGIaPJZ6Dc0uR4u3OoQI2d6cGlVI62E3Gy6gwkxyIqr/w==}

snapshots:

  '@aws-sdk/client-dynamodb@3.1087.0':
    dependencies:
      '@aws-sdk/core': 3.975.2
      '@aws-sdk/credential-provider-node': 3.972.68
      '@aws-sdk/dynamodb-codec': 3.973.32
      '@aws-sdk/middleware-endpoint-discovery': 3.972.24
      '@aws-sdk/types': 3.974.1
      '@smithy/core': 3.29.4
      '@smithy/fetch-http-handler': 5.6.6
      '@smithy/node-http-handler': 4.9.6
      '@smithy/types': 4.16.1
      tslib: 2.8.1

  '@aws-sdk/client-sns@3.1087.0':
    dependencies:
      '@aws-sdk/core': 3.975.2
      '@aws-sdk/credential-provider-node': 3.972.68
      '@aws-sdk/types': 3.974.1
      '@smithy/core': 3.29.4
      '@smithy/fetch-http-handler': 5.6.6
      '@smithy/node-http-handler': 4.9.6
      '@smithy/types': 4.16.1
      tslib: 2.8.1

  '@aws-sdk/core@3.975.2':
    dependencies:
      '@aws-sdk/types': 3.974.1
      '@aws-sdk/xml-builder': 3.972.35
      '@aws/lambda-invoke-store': 0.3.0
      '@smithy/core': 3.29.4
      '@smithy/signature-v4': 5.6.5
      '@smithy/types': 4.16.1
      bowser: 2.14.1
      tslib: 2.8.1

  '@aws-sdk/credential-provider-env@3.972.58':
    dependencies:
      '@aws-sdk/core': 3.975.2
      '@aws-sdk/types': 3.974.1
      '@smithy/core': 3.29.4
      '@smithy/types': 4.16.1
      tslib: 2.8.1

  '@aws-sdk/credential-provider-http@3.972.60':
    dependencies:
      '@aws-sdk/core': 3.975.2
      '@aws-sdk/types': 3.974.1
      '@smithy/core': 3.29.4
      '@smithy/fetch-http-handler': 5.6.6
      '@smithy/node-http-handler': 4.9.6
      '@smithy/types': 4.16.1
      tslib: 2.8.1

  '@aws-sdk/credential-provider-ini@3.973.2':
    dependencies:
      '@aws-sdk/core': 3.975.2
      '@aws-sdk/credential-provider-env': 3.972.58
      '@aws-sdk/credential-provider-http': 3.972.60
      '@aws-sdk/credential-provider-login': 3.972.64
      '@aws-sdk/credential-provider-process': 3.972.58
      '@aws-sdk/credential-provider-sso': 3.973.2
      '@aws-sdk/credential-provider-web-identity': 3.972.64
      '@aws-sdk/nested-clients': 3.997.32
      '@aws-sdk/types': 3.974.1
      '@smithy/core': 3.29.4
      '@smithy/credential-provider-imds': 4.4.9
      '@smithy/types': 4.16.1
      tslib: 2.8.1

  '@aws-sdk/credential-provider-login@3.972.64':
    dependencies:
      '@aws-sdk/core': 3.975.2
      '@aws-sdk/nested-clients': 3.997.32
      '@aws-sdk/types': 3.974.1
      '@smithy/core': 3.29.4
      '@smithy/types': 4.16.1
      tslib: 2.8.1

  '@aws-sdk/credential-provider-node@3.972.68':
    dependencies:
      '@aws-sdk/credential-provider-env': 3.972.58
      '@aws-sdk/credential-provider-http': 3.972.60
      '@aws-sdk/credential-provider-ini': 3.973.2
      '@aws-sdk/credential-provider-process': 3.972.58
      '@aws-sdk/credential-provider-sso': 3.973.2
      '@aws-sdk/credential-provider-web-identity': 3.972.64
      '@aws-sdk/types': 3.974.1
      '@smithy/core': 3.29.4
      '@smithy/credential-provider-imds': 4.4.9
      '@smithy/types': 4.16.1
      tslib: 2.8.1

  '@aws-sdk/credential-provider-process@3.972.58':
    dependencies:
      '@aws-sdk/core': 3.975.2
      '@aws-sdk/types': 3.974.1
      '@smithy/core': 3.29.4
      '@smithy/types': 4.16.1
      tslib: 2.8.1

  '@aws-sdk/credential-provider-sso@3.973.2':
    dependencies:
      '@aws-sdk/core': 3.975.2
      '@aws-sdk/nested-clients': 3.997.32
      '@aws-sdk/token-providers': 3.1087.0
      '@aws-sdk/types': 3.974.1
      '@smithy/core': 3.29.4
      '@smithy/types': 4.16.1
      tslib: 2.8.1

  '@aws-sdk/credential-provider-web-identity@3.972.64':
    dependencies:
      '@aws-sdk/core': 3.975.2
      '@aws-sdk/nested-clients': 3.997.32
      '@aws-sdk/types': 3.974.1
      '@smithy/core': 3.29.4
      '@smithy/types': 4.16.1
      tslib: 2.8.1

  '@aws-sdk/dynamodb-codec@3.973.32':
    dependencies:
      '@aws-sdk/core': 3.975.2
      '@smithy/core': 3.29.4
      '@smithy/types': 4.16.1
      tslib: 2.8.1

  '@aws-sdk/endpoint-cache@3.972.9':
    dependencies:
      mnemonist: 0.38.3
      tslib: 2.8.1

  '@aws-sdk/middleware-endpoint-discovery@3.972.24':
    dependencies:
      '@aws-sdk/endpoint-cache': 3.972.9
      '@aws-sdk/types': 3.974.1
      '@smithy/core': 3.29.4
      '@smithy/types': 4.16.1
      tslib: 2.8.1

  '@aws-sdk/nested-clients@3.997.32':
    dependencies:
      '@aws-sdk/core': 3.975.2
      '@aws-sdk/signature-v4-multi-region': 3.996.40
      '@aws-sdk/types': 3.974.1
      '@smithy/core': 3.29.4
      '@smithy/fetch-http-handler': 5.6.6
      '@smithy/node-http-handler': 4.9.6
      '@smithy/types': 4.16.1
      tslib: 2.8.1

  '@aws-sdk/signature-v4-multi-region@3.996.40':
    dependencies:
      '@aws-sdk/types': 3.974.1
      '@smithy/signature-v4': 5.6.5
      '@smithy/types': 4.16.1
      tslib: 2.8.1

  '@aws-sdk/token-providers@3.1087.0':
    dependencies:
      '@aws-sdk/core': 3.975.2
      '@aws-sdk/nested-clients': 3.997.32
      '@aws-sdk/types': 3.974.1
      '@smithy/core': 3.29.4
      '@smithy/types': 4.16.1
      tslib: 2.8.1

  '@aws-sdk/types@3.974.1':
    dependencies:
      '@smithy/types': 4.16.1
      tslib: 2.8.1

  '@aws-sdk/xml-builder@3.972.35':
    dependencies:
      '@smithy/types': 4.16.1
      tslib: 2.8.1

  '@aws/lambda-invoke-store@0.3.0': {}

  '@discordjs/builders@1.14.1':
    dependencies:
      '@discordjs/formatters': 0.6.2
      '@discordjs/util': 1.2.0
      '@sapphire/shapeshift': 4.0.0
      discord-api-types: 0.38.49
      fast-deep-equal: 3.1.3
      ts-mixer: 6.0.4
      tslib: 2.8.1

  '@discordjs/collection@1.5.3': {}

  '@discordjs/collection@2.1.1': {}

  '@discordjs/formatters@0.6.2':
    dependencies:
      discord-api-types: 0.38.49

  '@discordjs/rest@2.6.1':
    dependencies:
      '@discordjs/collection': 2.1.1
      '@discordjs/util': 1.2.0
      '@sapphire/async-queue': 1.5.5
      '@sapphire/snowflake': 3.5.5
      '@vladfrangu/async_event_emitter': 2.4.7
      discord-api-types: 0.38.49
      magic-bytes.js: 1.13.0
      tslib: 2.8.1
      undici: 6.24.1

  '@discordjs/util@1.2.0':
    dependencies:
      discord-api-types: 0.38.49

  '@discordjs/ws@1.2.3':
    dependencies:
      '@discordjs/collection': 2.1.1
      '@discordjs/rest': 2.6.1
      '@discordjs/util': 1.2.0
      '@sapphire/async-queue': 1.5.5
      '@types/ws': 8.18.1
      '@vladfrangu/async_event_emitter': 2.4.7
      discord-api-types: 0.38.49
      tslib: 2.8.1
      ws: 8.21.1
    transitivePeerDependencies:
      - bufferutil
      - utf-8-validate

  '@napi-rs/canvas-android-arm64@0.1.100':
    optional: true

  '@napi-rs/canvas-darwin-arm64@0.1.100':
    optional: true

  '@napi-rs/canvas-darwin-x64@0.1.100':
    optional: true

  '@napi-rs/canvas-linux-arm-gnueabihf@0.1.100':
    optional: true

  '@napi-rs/canvas-linux-arm64-gnu@0.1.100':
    optional: true

  '@napi-rs/canvas-linux-arm64-musl@0.1.100':
    optional: true

  '@napi-rs/canvas-linux-riscv64-gnu@0.1.100':
    optional: true

  '@napi-rs/canvas-linux-x64-gnu@0.1.100':
    optional: true

  '@napi-rs/canvas-linux-x64-musl@0.1.100':
    optional: true

  '@napi-rs/canvas-win32-arm64-msvc@0.1.100':
    optional: true

  '@napi-rs/canvas-win32-x64-msvc@0.1.100':
    optional: true

  '@napi-rs/canvas@0.1.100':
    optionalDependencies:
      '@napi-rs/canvas-android-arm64': 0.1.100
      '@napi-rs/canvas-darwin-arm64': 0.1.100
      '@napi-rs/canvas-darwin-x64': 0.1.100
      '@napi-rs/canvas-linux-arm-gnueabihf': 0.1.100
      '@napi-rs/canvas-linux-arm64-gnu': 0.1.100
      '@napi-rs/canvas-linux-arm64-musl': 0.1.100
      '@napi-rs/canvas-linux-riscv64-gnu': 0.1.100
      '@napi-rs/canvas-linux-x64-gnu': 0.1.100
      '@napi-rs/canvas-linux-x64-musl': 0.1.100
      '@napi-rs/canvas-win32-arm64-msvc': 0.1.100
      '@napi-rs/canvas-win32-x64-msvc': 0.1.100

  '@rpg-sage-creative/cache-utils@https://codeload.github.com/rpg-sage-creative/cache-utils/tar.gz/145bc9860dfe3e54e5311bbd29e94763436ff728':
    dependencies:
      '@rsc-utils/iterator-utils': '@rpg-sage-creative/iterator-utils@https://codeload.github.com/rpg-sage-creative/iterator-utils/tar.gz/ee5f73b0d6ae90f04ee9e1079bbe5564f73cd2c1'
      '@rsc-utils/type-utils': '@rpg-sage-creative/type-utils@https://codeload.github.com/rpg-sage-creative/type-utils/tar.gz/b952d5607cd26d37f42ec91ef9a6aa9e0b749492'

  '@rpg-sage-creative/color-utils@https://codeload.github.com/rpg-sage-creative/color-utils/tar.gz/782556193811afb809fe572a1e211502a7e58e05':
    dependencies:
      '@rsc-utils/type-utils': '@rpg-sage-creative/type-utils@https://codeload.github.com/rpg-sage-creative/type-utils/tar.gz/b952d5607cd26d37f42ec91ef9a6aa9e0b749492'

  '@rpg-sage-creative/core-utils@https://codeload.github.com/rpg-sage-creative/core-utils/tar.gz/1259fb344ba972c67c61b58805ba7a7c0d872d3e':
    dependencies:
      '@rsc-utils/cache-utils': '@rpg-sage-creative/cache-utils@https://codeload.github.com/rpg-sage-creative/cache-utils/tar.gz/145bc9860dfe3e54e5311bbd29e94763436ff728'
      '@rsc-utils/color-utils': '@rpg-sage-creative/color-utils@https://codeload.github.com/rpg-sage-creative/color-utils/tar.gz/782556193811afb809fe572a1e211502a7e58e05'
      '@rsc-utils/git-utils': '@rpg-sage-creative/git-utils@https://codeload.github.com/rpg-sage-creative/git-utils/tar.gz/f24d0841c58e367014223bc52910a25f1a2268d6'
      '@rsc-utils/id-utils': '@rpg-sage-creative/id-utils@https://codeload.github.com/rpg-sage-creative/id-utils/tar.gz/e0ad2fa05ab8716b224bd89de1970ea247ffca86'
      '@rsc-utils/iterator-utils': '@rpg-sage-creative/iterator-utils@https://codeload.github.com/rpg-sage-creative/iterator-utils/tar.gz/ee5f73b0d6ae90f04ee9e1079bbe5564f73cd2c1'
      '@rsc-utils/json-utils': '@rpg-sage-creative/json-utils@https://codeload.github.com/rpg-sage-creative/json-utils/tar.gz/19389a0bda7ea3a58f242bfaf71c42acc6976e31'
      '@rsc-utils/language-utils': '@rpg-sage-creative/language-utils@https://codeload.github.com/rpg-sage-creative/language-utils/tar.gz/b34ae849fb17513fbf4effc3cfea6dc70c82ba4a'
      '@rsc-utils/template-literal-utils': '@rpg-sage-creative/template-literal-utils@https://codeload.github.com/rpg-sage-creative/template-literal-utils/tar.gz/5532b51ff83a9c8c0b38600e0e721a37335b7d50'
      '@rsc-utils/type-utils': '@rpg-sage-creative/type-utils@https://codeload.github.com/rpg-sage-creative/type-utils/tar.gz/b952d5607cd26d37f42ec91ef9a6aa9e0b749492'
      '@rsc-utils/whitespace-utils': '@rpg-sage-creative/whitespace-utils@https://codeload.github.com/rpg-sage-creative/whitespace-utils/tar.gz/7c13c974b4d6d647765c60a8b03b286421329cc7'
      regex: 6.1.0

  '@rpg-sage-creative/dev-scripts@https://codeload.github.com/rpg-sage-creative/dev-scripts/tar.gz/21ba74dcfd4b8358cc919c534a0b2145b09f1297': {}

  '@rpg-sage-creative/discord-utils@https://codeload.github.com/rpg-sage-creative/discord-utils/tar.gz/00a343e55ed0c2e818f30986d5b12e159e77007f':
    dependencies:
      '@discordjs/builders': 1.14.1
      '@discordjs/rest': 2.6.1
      '@rsc-utils/core-utils': '@rpg-sage-creative/core-utils@https://codeload.github.com/rpg-sage-creative/core-utils/tar.gz/1259fb344ba972c67c61b58805ba7a7c0d872d3e'
      '@rsc-utils/io-utils': '@rpg-sage-creative/io-utils@https://codeload.github.com/rpg-sage-creative/io-utils/tar.gz/772020c8f8d891e8d869302d78873791c50bb475'
      discord.js: 14.26.5
      emoji-regex-xs: 2.0.1
      regex: 6.1.0
    transitivePeerDependencies:
      - bufferutil
      - debug
      - utf-8-validate

  '@rpg-sage-creative/git-utils@https://codeload.github.com/rpg-sage-creative/git-utils/tar.gz/f24d0841c58e367014223bc52910a25f1a2268d6':
    dependencies:
      '@rsc-utils/type-utils': '@rpg-sage-creative/type-utils@https://codeload.github.com/rpg-sage-creative/type-utils/tar.gz/b952d5607cd26d37f42ec91ef9a6aa9e0b749492'

  '@rpg-sage-creative/id-utils@https://codeload.github.com/rpg-sage-creative/id-utils/tar.gz/e0ad2fa05ab8716b224bd89de1970ea247ffca86':
    dependencies:
      '@rsc-utils/snowflake-utils': '@rpg-sage-creative/snowflake-utils@https://codeload.github.com/rpg-sage-creative/snowflake-utils/tar.gz/9dd900a92046a27d10f1c53ca37f8e514eab202d'
      '@rsc-utils/type-utils': '@rpg-sage-creative/type-utils@https://codeload.github.com/rpg-sage-creative/type-utils/tar.gz/b952d5607cd26d37f42ec91ef9a6aa9e0b749492'
      '@rsc-utils/uuid-utils': '@rpg-sage-creative/uuid-utils@https://codeload.github.com/rpg-sage-creative/uuid-utils/tar.gz/cea5c0a9672049f4340754779e58d5fc6788465b'

  '@rpg-sage-creative/io-utils@https://codeload.github.com/rpg-sage-creative/io-utils/tar.gz/772020c8f8d891e8d869302d78873791c50bb475':
    dependencies:
      '@aws-sdk/client-dynamodb': 3.1087.0
      '@aws-sdk/client-sns': 3.1087.0
      '@rsc-utils/core-utils': '@rpg-sage-creative/core-utils@https://codeload.github.com/rpg-sage-creative/core-utils/tar.gz/1259fb344ba972c67c61b58805ba7a7c0d872d3e'
      csv-parser: 3.2.1
      exifreader: 4.41.0
      follow-redirects: 1.16.0
      pdf2json: 4.0.3
      regex: 6.1.0
    transitivePeerDependencies:
      - debug

  '@rpg-sage-creative/iterator-utils@https://codeload.github.com/rpg-sage-creative/iterator-utils/tar.gz/ee5f73b0d6ae90f04ee9e1079bbe5564f73cd2c1':
    dependencies:
      '@rsc-utils/type-utils': '@rpg-sage-creative/type-utils@https://codeload.github.com/rpg-sage-creative/type-utils/tar.gz/b952d5607cd26d37f42ec91ef9a6aa9e0b749492'

  '@rpg-sage-creative/json-utils@https://codeload.github.com/rpg-sage-creative/json-utils/tar.gz/19389a0bda7ea3a58f242bfaf71c42acc6976e31':
    dependencies:
      '@rsc-utils/type-utils': '@rpg-sage-creative/type-utils@https://codeload.github.com/rpg-sage-creative/type-utils/tar.gz/b952d5607cd26d37f42ec91ef9a6aa9e0b749492'
      '@rsc-utils/whitespace-utils': '@rpg-sage-creative/whitespace-utils@https://codeload.github.com/rpg-sage-creative/whitespace-utils/tar.gz/7c13c974b4d6d647765c60a8b03b286421329cc7'

  '@rpg-sage-creative/language-utils@https://codeload.github.com/rpg-sage-creative/language-utils/tar.gz/b34ae849fb17513fbf4effc3cfea6dc70c82ba4a':
    dependencies:
      '@rsc-utils/type-utils': '@rpg-sage-creative/type-utils@https://codeload.github.com/rpg-sage-creative/type-utils/tar.gz/b952d5607cd26d37f42ec91ef9a6aa9e0b749492'

  '@rpg-sage-creative/random-utils@https://codeload.github.com/rpg-sage-creative/random-utils/tar.gz/879853ca21cd4939f687ef2ecce01ade22b67cd2': {}

  '@rpg-sage-creative/snowflake-utils@https://codeload.github.com/rpg-sage-creative/snowflake-utils/tar.gz/9dd900a92046a27d10f1c53ca37f8e514eab202d':
    dependencies:
      '@rsc-utils/type-utils': '@rpg-sage-creative/type-utils@https://codeload.github.com/rpg-sage-creative/type-utils/tar.gz/b952d5607cd26d37f42ec91ef9a6aa9e0b749492'
      '@sapphire/snowflake': 3.5.5

  '@rpg-sage-creative/template-literal-utils@https://codeload.github.com/rpg-sage-creative/template-literal-utils/tar.gz/5532b51ff83a9c8c0b38600e0e721a37335b7d50': {}

  '@rpg-sage-creative/type-utils@https://codeload.github.com/rpg-sage-creative/type-utils/tar.gz/b952d5607cd26d37f42ec91ef9a6aa9e0b749492': {}

  '@rpg-sage-creative/uuid-utils@https://codeload.github.com/rpg-sage-creative/uuid-utils/tar.gz/cea5c0a9672049f4340754779e58d5fc6788465b':
    dependencies:
      '@rsc-utils/type-utils': '@rpg-sage-creative/type-utils@https://codeload.github.com/rpg-sage-creative/type-utils/tar.gz/b952d5607cd26d37f42ec91ef9a6aa9e0b749492'
      uuid: 13.0.2

  '@rpg-sage-creative/whitespace-utils@https://codeload.github.com/rpg-sage-creative/whitespace-utils/tar.gz/7c13c974b4d6d647765c60a8b03b286421329cc7':
    dependencies:
      '@rsc-utils/type-utils': '@rpg-sage-creative/type-utils@https://codeload.github.com/rpg-sage-creative/type-utils/tar.gz/b952d5607cd26d37f42ec91ef9a6aa9e0b749492'

  '@sapphire/async-queue@1.5.5': {}

  '@sapphire/shapeshift@4.0.0':
    dependencies:
      fast-deep-equal: 3.1.3
      lodash: 4.18.1

  '@sapphire/snowflake@3.5.3': {}

  '@sapphire/snowflake@3.5.5': {}

  '@smithy/core@3.29.4':
    dependencies:
      '@smithy/types': 4.16.1
      tslib: 2.8.1

  '@smithy/credential-provider-imds@4.4.9':
    dependencies:
      '@smithy/core': 3.29.4
      '@smithy/types': 4.16.1
      tslib: 2.8.1

  '@smithy/fetch-http-handler@5.6.6':
    dependencies:
      '@smithy/core': 3.29.4
      '@smithy/types': 4.16.1
      tslib: 2.8.1

  '@smithy/node-http-handler@4.9.6':
    dependencies:
      '@smithy/core': 3.29.4
      '@smithy/types': 4.16.1
      tslib: 2.8.1

  '@smithy/signature-v4@5.6.5':
    dependencies:
      '@smithy/core': 3.29.4
      '@smithy/types': 4.16.1
      tslib: 2.8.1

  '@smithy/types@4.16.1':
    dependencies:
      tslib: 2.8.1

  '@types/follow-redirects@1.14.4':
    dependencies:
      '@types/node': 24.13.3

  '@types/node@24.13.3':
    dependencies:
      undici-types: 7.18.2

  '@types/ws@8.18.1':
    dependencies:
      '@types/node': 24.13.3

  '@vladfrangu/async_event_emitter@2.4.7': {}

  '@xmldom/xmldom@0.9.10':
    optional: true

  bowser@2.14.1: {}

  csv-parser@3.2.1: {}

  discord-api-types@0.38.49: {}

  discord.js@14.26.5:
    dependencies:
      '@discordjs/builders': 1.14.1
      '@discordjs/collection': 1.5.3
      '@discordjs/formatters': 0.6.2
      '@discordjs/rest': 2.6.1
      '@discordjs/util': 1.2.0
      '@discordjs/ws': 1.2.3
      '@sapphire/snowflake': 3.5.3
      discord-api-types: 0.38.49
      fast-deep-equal: 3.1.3
      lodash.snakecase: 4.1.1
      magic-bytes.js: 1.13.0
      tslib: 2.8.1
      undici: 6.24.1
    transitivePeerDependencies:
      - bufferutil
      - utf-8-validate

  emoji-regex-xs@2.0.1: {}

  exifreader@4.41.0:
    optionalDependencies:
      '@xmldom/xmldom': 0.9.10

  fast-deep-equal@3.1.3: {}

  follow-redirects@1.16.0: {}

  lodash.snakecase@4.1.1: {}

  lodash@4.18.1: {}

  magic-bytes.js@1.13.0: {}

  mnemonist@0.38.3:
    dependencies:
      obliterator: 1.6.1

  nan@2.28.0: {}

  obliterator@1.6.1: {}

  pdf2json@4.0.3: {}

  regex-utilities@2.3.0: {}

  regex@6.1.0:
    dependencies:
      regex-utilities: 2.3.0

  ts-mixer@6.0.4: {}

  tslib@2.8.1: {}

  typescript@5.9.3: {}

  undici-types@7.18.2: {}

  undici@6.24.1: {}

  uuid@13.0.2: {}

  ws@8.21.1: {}

  zlib-sync@0.1.10:
    dependencies:
      nan: 2.28.0
